Microsoft Visual Studio Solution File, Format Version 12.00
# Visual Studio Version 17
VisualStudioVersion = 17.5.2.0
MinimumVisualStudioVersion = 10.0.40219.1
Project("{FAE04EC0-301F-11D3-BF4B-00C04F79EFBC}") = "ListAPI", "ListAPI.csproj", "{95DE8574-55D4-B3AA-5B28-E09E37C209DA}"
EndProject
Global
	GlobalSection(SolutionConfigurationPlatforms) = preSolution
		Debug|Any CPU = Debug|Any CPU
		Release|Any CPU = Release|Any CPU
	EndGlobalSection
	GlobalSection(ProjectConfigurationPlatforms) = postSolution
		{95DE8574-55D4-B3AA-5B28-E09E37C209DA}.Debug|Any CPU.ActiveCfg = Debug|Any CPU
		{95DE8574-55D4-B3AA-5B28-E09E37C209DA}.Debug|Any CPU.Build.0 = Debug|Any CPU
		{95DE8574-55D4-B3AA-5B28-E09E37C209DA}.Release|Any CPU.ActiveCfg = Release|Any CPU
		{95DE8574-55D4-B3AA-5B28-E09E37C209DA}.Release|Any CPU.Build.0 = Release|Any CPU
	EndGlobalSection
	GlobalSection(SolutionProperties) = preSolution
		HideSolutionNode = FALSE
	EndGlobalSection
	GlobalSection(ExtensibilityGlobals) = postSolution
		SolutionGuid = {5017FF06-A658-4130-966C-E4BC5FC60390}
	EndGlobalSection
EndGlobal
